
Microsoft Visual Studio Solution File, Format Version 12.00
# Visual Studio Version 16
VisualStudioVersion = 16.0.30717.126
MinimumVisualStudioVersion = 10.0.40219.1
Project("{9092AA53-FB77-4645-B42D-1CCCA6BD08BD}") = "OgreBot", "DiscordBot\OgreBot.njsproj", "{550C53BC-8748-42C8-8A78-6EFFD78E2883}"
EndProject
Global
	GlobalSection(SolutionConfigurationPlatforms) = preSolution
		Debug|Any CPU = Debug|Any CPU
		Release|Any CPU = Release|Any CPU
	EndGlobalSection
	GlobalSection(ProjectConfigurationPlatforms) = postSolution
		{550C53BC-8748-42C8-8A78-6EFFD78E2883}.Debug|Any CPU.ActiveCfg = Debug|Any CPU
		{550C53BC-8748-42C8-8A78-6EFFD78E2883}.Debug|Any CPU.Build.0 = Debug|Any CPU
		{550C53BC-8748-42C8-8A78-6EFFD78E2883}.Release|Any CPU.ActiveCfg = Release|Any CPU
		{550C53BC-8748-42C8-8A78-6EFFD78E2883}.Release|Any CPU.Build.0 = Release|Any CPU
	EndGlobalSection
	GlobalSection(SolutionProperties) = preSolution
		HideSolutionNode = FALSE
	EndGlobalSection
	GlobalSection(ExtensibilityGlobals) = postSolution
		SolutionGuid = {695D328E-7E25-47EC-A4C1-9C0E070D11CA}
	EndGlobalSection
EndGlobal
